
Microsoft Visual Studio Solution File, Format Version 12.00
# Visual Studio Version 17
VisualStudioVersion = 17.5.33627.172
MinimumVisualStudioVersion = 10.0.40219.1
Project("{FAE04EC0-301F-11D3-BF4B-00C04F79EFBC}") = "apiproyecto.UWP", "apiproyecto.UWP\apiproyecto.UWP.csproj", "{F84D3BC6-9F6B-4793-BCD3-CF7BE075C016}"
EndProject
Project("{FAE04EC0-301F-11D3-BF4B-00C04F79EFBC}") = "apiproyecto.Android", "apiproyecto.Android\apiproyecto.Android.csproj", "{35420ECF-D6A4-436C-871F-ECF18A5FE948}"
EndProject
Project("{FAE04EC0-301F-11D3-BF4B-00C04F79EFBC}") = "apiproyecto.iOS", "apiproyecto.iOS\apiproyecto.iOS.csproj", "{03F66216-1496-4E7B-8A87-EFDA0876BCDF}"
EndProject
Project("{FAE04EC0-301F-11D3-BF4B-00C04F79EFBC}") = "apiproyecto", "apiproyecto\apiproyecto.csproj", "{37850A07-3884-4BD4-9E1C-061B894DEE27}"
EndProject
Global
	GlobalSection(SolutionConfigurationPlatforms) = preSolution
		Debug|Any CPU = Debug|Any CPU
		Debug|ARM = Debug|ARM
		Debug|iPhone = Debug|iPhone
		Debug|iPhoneSimulator = Debug|iPhoneSimulator
		Debug|x64 = Debug|x64
		Debug|x86 = Debug|x86
		Release|Any CPU = Release|Any CPU
		Release|ARM = Release|ARM
		Release|iPhone = Release|iPhone
		Release|iPhoneSimulator = Release|iPhoneSimulator
		Release|x64 = Release|x64
		Release|x86 = Release|x86
	EndGlobalSection
	GlobalSection(ProjectConfigurationPlatforms) = postSolution
		{F84D3BC6-9F6B-4793-BCD3-CF7BE075C016}.Debug|Any CPU.ActiveCfg = Debug|x64
		{F84D3BC6-9F6B-4793-BCD3-CF7BE075C016}.Debug|Any CPU.Build.0 = Debug|x64
		{F84D3BC6-9F6B-4793-BCD3-CF7BE075C016}.Debug|Any CPU.Deploy.0 = Debug|x64
		{F84D3BC6-9F6B-4793-BCD3-CF7BE075C016}.Debug|ARM.ActiveCfg = Debug|ARM
		{F84D3BC6-9F6B-4793-BCD3-CF7BE075C016}.Debug|ARM.Build.0 = Debug|ARM
		{F84D3BC6-9F6B-4793-BCD3-CF7BE075C016}.Debug|ARM.Deploy.0 = Debug|ARM
		{F84D3BC6-9F6B-4793-BCD3-CF7BE075C016}.Debug|iPhone.ActiveCfg = Debug|x64
		{F84D3BC6-9F6B-4793-BCD3-CF7BE075C016}.Debug|iPhone.Build.0 = Debug|x64
		{F84D3BC6-9F6B-4793-BCD3-CF7BE075C016}.Debug|iPhone.Deploy.0 = Debug|x64
		{F84D3BC6-9F6B-4793-BCD3-CF7BE075C016}.Debug|iPhoneSimulator.ActiveCfg = Debug|x64
		{F84D3BC6-9F6B-4793-BCD3-CF7BE075C016}.Debug|iPhoneSimulator.Build.0 = Debug|x64
		{F84D3BC6-9F6B-4793-BCD3-CF7BE075C016}.Debug|iPhoneSimulator.Deploy.0 = Debug|x64
		{F84D3BC6-9F6B-4793-BCD3-CF7BE075C016}.Debug|x64.ActiveCfg = Debug|x64
		{F84D3BC6-9F6B-4793-BCD3-CF7BE075C016}.Debug|x64.Build.0 = Debug|x64
		{F84D3BC6-9F6B-4793-BCD3-CF7BE075C016}.Debug|x64.Deploy.0 = Debug|x64
		{F84D3BC6-9F6B-4793-BCD3-CF7BE075C016}.Debug|x86.ActiveCfg = Debug|x86
		{F84D3BC6-9F6B-4793-BCD3-CF7BE075C016}.Debug|x86.Build.0 = Debug|x86
		{F84D3BC6-9F6B-4793-BCD3-CF7BE075C016}.Debug|x86.Deploy.0 = Debug|x86
		{F84D3BC6-9F6B-4793-BCD3-CF7BE075C016}.Release|Any CPU.ActiveCfg = Release|x64
		{F84D3BC6-9F6B-4793-BCD3-CF7BE075C016}.Release|Any CPU.Build.0 = Release|x64
		{F84D3BC6-9F6B-4793-BCD3-CF7BE075C016}.Release|Any CPU.Deploy.0 = Release|x64
		{F84D3BC6-9F6B-4793-BCD3-CF7BE075C016}.Release|ARM.ActiveCfg = Release|ARM
		{F84D3BC6-9F6B-4793-BCD3-CF7BE075C016}.Release|ARM.Build.0 = Release|ARM
		{F84D3BC6-9F6B-4793-BCD3-CF7BE075C016}.Release|ARM.Deploy.0 = Release|ARM
		{F84D3BC6-9F6B-4793-BCD3-CF7BE075C016}.Release|iPhone.ActiveCfg = Release|x64
		{F84D3BC6-9F6B-4793-BCD3-CF7BE075C016}.Release|iPhone.Build.0 = Release|x64
		{F84D3BC6-9F6B-4793-BCD3-CF7BE075C016}.Release|iPhone.Deploy.0 = Release|x64
		{F84D3BC6-9F6B-4793-BCD3-CF7BE075C016}.Release|iPhoneSimulator.ActiveCfg = Release|x64
		{F84D3BC6-9F6B-4793-BCD3-CF7BE075C016}.Release|iPhoneSimulator.Build.0 = Release|x64
		{F84D3BC6-9F6B-4793-BCD3-CF7BE075C016}.Release|iPhoneSimulator.Deploy.0 = Release|x64
		{F84D3BC6-9F6B-4793-BCD3-CF7BE075C016}.Release|x64.ActiveCfg = Release|x64
		{F84D3BC6-9F6B-4793-BCD3-CF7BE075C016}.Release|x64.Build.0 = Release|x64
		{F84D3BC6-9F6B-4793-BCD3-CF7BE075C016}.Release|x64.Deploy.0 = Release|x64
		{F84D3BC6-9F6B-4793-BCD3-CF7BE075C016}.Release|x86.ActiveCfg = Release|x86
		{F84D3BC6-9F6B-4793-BCD3-CF7BE075C016}.Release|x86.Build.0 = Release|x86
		{F84D3BC6-9F6B-4793-BCD3-CF7BE075C016}.Release|x86.Deploy.0 = Release|x86
		{35420ECF-D6A4-436C-871F-ECF18A5FE948}.Debug|Any CPU.ActiveCfg = Debug|Any CPU
		{35420ECF-D6A4-436C-871F-ECF18A5FE948}.Debug|Any CPU.Build.0 = Debug|Any CPU
		{35420ECF-D6A4-436C-871F-ECF18A5FE948}.Debug|Any CPU.Deploy.0 = Debug|Any CPU
		{35420ECF-D6A4-436C-871F-ECF18A5FE948}.Debug|ARM.ActiveCfg = Debug|Any CPU
		{35420ECF-D6A4-436C-871F-ECF18A5FE948}.Debug|ARM.Build.0 = Debug|Any CPU
		{35420ECF-D6A4-436C-871F-ECF18A5FE948}.Debug|ARM.Deploy.0 = Debug|Any CPU
		{35420ECF-D6A4-436C-871F-ECF18A5FE948}.Debug|iPhone.ActiveCfg = Debug|Any CPU
		{35420ECF-D6A4-436C-871F-ECF18A5FE948}.Debug|iPhone.Build.0 = Debug|Any CPU
		{35420ECF-D6A4-436C-871F-ECF18A5FE948}.Debug|iPhone.Deploy.0 = Debug|Any CPU
		{35420ECF-D6A4-436C-871F-ECF18A5FE948}.Debug|iPhoneSimulator.ActiveCfg = Debug|Any CPU
		{35420ECF-D6A4-436C-871F-ECF18A5FE948}.Debug|iPhoneSimulator.Build.0 = Debug|Any CPU
		{35420ECF-D6A4-436C-871F-ECF18A5FE948}.Debug|iPhoneSimulator.Deploy.0 = Debug|Any CPU
		{35420ECF-D6A4-436C-871F-ECF18A5FE948}.Debug|x64.ActiveCfg = Debug|Any CPU
		{35420ECF-D6A4-436C-871F-ECF18A5FE948}.Debug|x64.Build.0 = Debug|Any CPU
		{35420ECF-D6A4-436C-871F-ECF18A5FE948}.Debug|x64.Deploy.0 = Debug|Any CPU
		{35420ECF-D6A4-436C-871F-ECF18A5FE948}.Debug|x86.ActiveCfg = Debug|Any CPU
		{35420ECF-D6A4-436C-871F-ECF18A5FE948}.Debug|x86.Build.0 = Debug|Any CPU
		{35420ECF-D6A4-436C-871F-ECF18A5FE948}.Debug|x86.Deploy.0 = Debug|Any CPU
		{35420ECF-D6A4-436C-871F-ECF18A5FE948}.Release|Any CPU.ActiveCfg = Release|Any CPU
		{35420ECF-D6A4-436C-871F-ECF18A5FE948}.Release|Any CPU.Build.0 = Release|Any CPU
		{35420ECF-D6A4-436C-871F-ECF18A5FE948}.Release|Any CPU.Deploy.0 = Release|Any CPU
		{35420ECF-D6A4-436C-871F-ECF18A5FE948}.Release|ARM.ActiveCfg = Release|Any CPU
		{35420ECF-D6A4-436C-871F-ECF18A5FE948}.Release|ARM.Build.0 = Release|Any CPU
		{35420ECF-D6A4-436C-871F-ECF18A5FE948}.Release|ARM.Deploy.0 = Release|Any CPU
		{35420ECF-D6A4-436C-871F-ECF18A5FE948}.Release|iPhone.ActiveCfg = Release|Any CPU
		{35420ECF-D6A4-436C-871F-ECF18A5FE948}.Release|iPhone.Build.0 = Release|Any CPU
		{35420ECF-D6A4-436C-871F-ECF18A5FE948}.Release|iPhone.Deploy.0 = Release|Any CPU
		{35420ECF-D6A4-436C-871F-ECF18A5FE948}.Release|iPhoneSimulator.ActiveCfg = Release|Any CPU
		{35420ECF-D6A4-436C-871F-ECF18A5FE948}.Release|iPhoneSimulator.Build.0 = Release|Any CPU
		{35420ECF-D6A4-436C-871F-ECF18A5FE948}.Release|iPhoneSimulator.Deploy.0 = Release|Any CPU
		{35420ECF-D6A4-436C-871F-ECF18A5FE948}.Release|x64.ActiveCfg = Release|Any CPU
		{35420ECF-D6A4-436C-871F-ECF18A5FE948}.Release|x64.Build.0 = Release|Any CPU
		{35420ECF-D6A4-436C-871F-ECF18A5FE948}.Release|x64.Deploy.0 = Release|Any CPU
		{35420ECF-D6A4-436C-871F-ECF18A5FE948}.Release|x86.ActiveCfg = Release|Any CPU
		{35420ECF-D6A4-436C-871F-ECF18A5FE948}.Release|x86.Build.0 = Release|Any CPU
		{35420ECF-D6A4-436C-871F-ECF18A5FE948}.Release|x86.Deploy.0 = Release|Any CPU
		{03F66216-1496-4E7B-8A87-EFDA0876BCDF}.Debug|Any CPU.ActiveCfg = Debug|iPhoneSimulator
		{03F66216-1496-4E7B-8A87-EFDA0876BCDF}.Debug|Any CPU.Build.0 = Debug|iPhoneSimulator
		{03F66216-1496-4E7B-8A87-EFDA0876BCDF}.Debug|Any CPU.Deploy.0 = Debug|iPhoneSimulator
		{03F66216-1496-4E7B-8A87-EFDA0876BCDF}.Debug|ARM.ActiveCfg = Debug|iPhoneSimulator
		{03F66216-1496-4E7B-8A87-EFDA0876BCDF}.Debug|ARM.Build.0 = Debug|iPhoneSimulator
		{03F66216-1496-4E7B-8A87-EFDA0876BCDF}.Debug|ARM.Deploy.0 = Debug|iPhoneSimulator
		{03F66216-1496-4E7B-8A87-EFDA0876BCDF}.Debug|iPhone.ActiveCfg = Debug|iPhone
		{03F66216-1496-4E7B-8A87-EFDA0876BCDF}.Debug|iPhone.Build.0 = Debug|iPhone
		{03F66216-1496-4E7B-8A87-EFDA0876BCDF}.Debug|iPhone.Deploy.0 = Debug|iPhone
		{03F66216-1496-4E7B-8A87-EFDA0876BCDF}.Debug|iPhoneSimulator.ActiveCfg = Debug|iPhoneSimulator
		{03F66216-1496-4E7B-8A87-EFDA0876BCDF}.Debug|iPhoneSimulator.Build.0 = Debug|iPhoneSimulator
		{03F66216-1496-4E7B-8A87-EFDA0876BCDF}.Debug|iPhoneSimulator.Deploy.0 = Debug|iPhoneSimulator
		{03F66216-1496-4E7B-8A87-EFDA0876BCDF}.Debug|x64.ActiveCfg = Debug|iPhone
		{03F66216-1496-4E7B-8A87-EFDA0876BCDF}.Debug|x64.Build.0 = Debug|iPhone
		{03F66216-1496-4E7B-8A87-EFDA0876BCDF}.Debug|x64.Deploy.0 = Debug|iPhone
		{03F66216-1496-4E7B-8A87-EFDA0876BCDF}.Debug|x86.ActiveCfg = Debug|iPhoneSimulator
		{03F66216-1496-4E7B-8A87-EFDA0876BCDF}.Debug|x86.Build.0 = Debug|iPhoneSimulator
		{03F66216-1496-4E7B-8A87-EFDA0876BCDF}.Debug|x86.Deploy.0 = Debug|iPhoneSimulator
		{03F66216-1496-4E7B-8A87-EFDA0876BCDF}.Release|Any CPU.ActiveCfg = Release|iPhoneSimulator
		{03F66216-1496-4E7B-8A87-EFDA0876BCDF}.Release|Any CPU.Build.0 = Release|iPhoneSimulator
		{03F66216-1496-4E7B-8A87-EFDA0876BCDF}.Release|Any CPU.Deploy.0 = Release|iPhoneSimulator
		{03F66216-1496-4E7B-8A87-EFDA0876BCDF}.Release|ARM.ActiveCfg = Release|iPhoneSimulator
		{03F66216-1496-4E7B-8A87-EFDA0876BCDF}.Release|ARM.Build.0 = Release|iPhoneSimulator
		{03F66216-1496-4E7B-8A87-EFDA0876BCDF}.Release|ARM.Deploy.0 = Release|iPhoneSimulator
		{03F66216-1496-4E7B-8A87-EFDA0876BCDF}.Release|iPhone.ActiveCfg = Release|iPhone
		{03F66216-1496-4E7B-8A87-EFDA0876BCDF}.Release|iPhone.Build.0 = Release|iPhone
		{03F66216-1496-4E7B-8A87-EFDA0876BCDF}.Release|iPhone.Deploy.0 = Release|iPhone
		{03F66216-1496-4E7B-8A87-EFDA0876BCDF}.Release|iPhoneSimulator.ActiveCfg = Release|iPhoneSimulator
		{03F66216-1496-4E7B-8A87-EFDA0876BCDF}.Release|iPhoneSimulator.Build.0 = Release|iPhoneSimulator
		{03F66216-1496-4E7B-8A87-EFDA0876BCDF}.Release|iPhoneSimulator.Deploy.0 = Release|iPhoneSimulator
		{03F66216-1496-4E7B-8A87-EFDA0876BCDF}.Release|x64.ActiveCfg = Release|iPhoneSimulator
		{03F66216-1496-4E7B-8A87-EFDA0876BCDF}.Release|x64.Build.0 = Release|iPhoneSimulator
		{03F66216-1496-4E7B-8A87-EFDA0876BCDF}.Release|x64.Deploy.0 = Release|iPhoneSimulator
		{03F66216-1496-4E7B-8A87-EFDA0876BCDF}.Release|x86.ActiveCfg = Release|iPhoneSimulator
		{03F66216-1496-4E7B-8A87-EFDA0876BCDF}.Release|x86.Build.0 = Release|iPhoneSimulator
		{03F66216-1496-4E7B-8A87-EFDA0876BCDF}.Release|x86.Deploy.0 = Release|iPhoneSimulator
		{37850A07-3884-4BD4-9E1C-061B894DEE27}.Debug|Any CPU.ActiveCfg = Debug|Any CPU
		{37850A07-3884-4BD4-9E1C-061B894DEE27}.Debug|Any CPU.Build.0 = Debug|Any CPU
		{37850A07-3884-4BD4-9E1C-061B894DEE27}.Debug|Any CPU.Deploy.0 = Debug|Any CPU
		{37850A07-3884-4BD4-9E1C-061B894DEE27}.Debug|ARM.ActiveCfg = Debug|Any CPU
		{37850A07-3884-4BD4-9E1C-061B894DEE27}.Debug|ARM.Build.0 = Debug|Any CPU
		{37850A07-3884-4BD4-9E1C-061B894DEE27}.Debug|ARM.Deploy.0 = Debug|Any CPU
		{37850A07-3884-4BD4-9E1C-061B894DEE27}.Debug|iPhone.ActiveCfg = Debug|Any CPU
		{37850A07-3884-4BD4-9E1C-061B894DEE27}.Debug|iPhone.Build.0 = Debug|Any CPU
		{37850A07-3884-4BD4-9E1C-061B894DEE27}.Debug|iPhone.Deploy.0 = Debug|Any CPU
		{37850A07-3884-4BD4-9E1C-061B894DEE27}.Debug|iPhoneSimulator.ActiveCfg = Debug|Any CPU
		{37850A07-3884-4BD4-9E1C-061B894DEE27}.Debug|iPhoneSimulator.Build.0 = Debug|Any CPU
		{37850A07-3884-4BD4-9E1C-061B894DEE27}.Debug|iPhoneSimulator.Deploy.0 = Debug|Any CPU
		{37850A07-3884-4BD4-9E1C-061B894DEE27}.Debug|x64.ActiveCfg = Debug|Any CPU
		{37850A07-3884-4BD4-9E1C-061B894DEE27}.Debug|x64.Build.0 = Debug|Any CPU
		{37850A07-3884-4BD4-9E1C-061B894DEE27}.Debug|x64.Deploy.0 = Debug|Any CPU
		{37850A07-3884-4BD4-9E1C-061B894DEE27}.Debug|x86.ActiveCfg = Debug|Any CPU
		{37850A07-3884-4BD4-9E1C-061B894DEE27}.Debug|x86.Build.0 = Debug|Any CPU
		{37850A07-3884-4BD4-9E1C-061B894DEE27}.Debug|x86.Deploy.0 = Debug|Any CPU
		{37850A07-3884-4BD4-9E1C-061B894DEE27}.Release|Any CPU.ActiveCfg = Release|Any CPU
		{37850A07-3884-4BD4-9E1C-061B894DEE27}.Release|Any CPU.Build.0 = Release|Any CPU
		{37850A07-3884-4BD4-9E1C-061B894DEE27}.Release|Any CPU.Deploy.0 = Release|Any CPU
		{37850A07-3884-4BD4-9E1C-061B894DEE27}.Release|ARM.ActiveCfg = Release|Any CPU
		{37850A07-3884-4BD4-9E1C-061B894DEE27}.Release|ARM.Build.0 = Release|Any CPU
		{37850A07-3884-4BD4-9E1C-061B894DEE27}.Release|ARM.Deploy.0 = Release|Any CPU
		{37850A07-3884-4BD4-9E1C-061B894DEE27}.Release|iPhone.ActiveCfg = Release|Any CPU
		{37850A07-3884-4BD4-9E1C-061B894DEE27}.Release|iPhone.Build.0 = Release|Any CPU
		{37850A07-3884-4BD4-9E1C-061B894DEE27}.Release|iPhone.Deploy.0 = Release|Any CPU
		{37850A07-3884-4BD4-9E1C-061B894DEE27}.Release|iPhoneSimulator.ActiveCfg = Release|Any CPU
		{37850A07-3884-4BD4-9E1C-061B894DEE27}.Release|iPhoneSimulator.Build.0 = Release|Any CPU
		{37850A07-3884-4BD4-9E1C-061B894DEE27}.Release|iPhoneSimulator.Deploy.0 = Release|Any CPU
		{37850A07-3884-4BD4-9E1C-061B894DEE27}.Release|x64.ActiveCfg = Release|Any CPU
		{37850A07-3884-4BD4-9E1C-061B894DEE27}.Release|x64.Build.0 = Release|Any CPU
		{37850A07-3884-4BD4-9E1C-061B894DEE27}.Release|x64.Deploy.0 = Release|Any CPU
		{37850A07-3884-4BD4-9E1C-061B894DEE27}.Release|x86.ActiveCfg = Release|Any CPU
		{37850A07-3884-4BD4-9E1C-061B894DEE27}.Release|x86.Build.0 = Release|Any CPU
		{37850A07-3884-4BD4-9E1C-061B894DEE27}.Release|x86.Deploy.0 = Release|Any CPU
	EndGlobalSection
	GlobalSection(SolutionProperties) = preSolution
		HideSolutionNode = FALSE
	EndGlobalSection
	GlobalSection(ExtensibilityGlobals) = postSolution
		SolutionGuid = {CA00E30B-32DA-418B-AC71-B7893550516A}
	EndGlobalSection
EndGlobal
